
Microsoft Visual Studio Solution File, Format Version 12.00
# Visual Studio Version 17
VisualStudioVersion = 17.5.002.0
MinimumVisualStudioVersion = 10.0.40219.1
Project("{9A19103F-16F7-4668-BE54-9A1E7A4F7556}") = "Section1", "Section1.csproj", "{C04935CE-454E-4DE8-9F4A-86545F149AE5}"
EndProject
Global
	GlobalSection(SolutionConfigurationPlatforms) = preSolution
		Debug|Any CPU = Debug|Any CPU
		Release|Any CPU = Release|Any CPU
	EndGlobalSection
	GlobalSection(ProjectConfigurationPlatforms) = postSolution
		{C04935CE-454E-4DE8-9F4A-86545F149AE5}.Debug|Any CPU.ActiveCfg = Debug|Any CPU
		{C04935CE-454E-4DE8-9F4A-86545F149AE5}.Debug|Any CPU.Build.0 = Debug|Any CPU
		{C04935CE-454E-4DE8-9F4A-86545F149AE5}.Release|Any CPU.ActiveCfg = Release|Any CPU
		{C04935CE-454E-4DE8-9F4A-86545F149AE5}.Release|Any CPU.Build.0 = Release|Any CPU
	EndGlobalSection
	GlobalSection(SolutionProperties) = preSolution
		HideSolutionNode = FALSE
	EndGlobalSection
	GlobalSection(ExtensibilityGlobals) = postSolution
		SolutionGuid = {7ECE1DB1-6BDA-45FB-BC87-6D859971A030}
	EndGlobalSection
EndGlobal
